
Microsoft Visual Studio Solution File, Format Version 12.00
# Visual Studio Version 16
VisualStudioVersion = 16.0.31129.286
MinimumVisualStudioVersion = 10.0.40219.1
Project("{FAE04EC0-301F-11D3-BF4B-00C04F79EFBC}") = "AirlineReservation", "AirlineReservation\AirlineReservation.csproj", "{A99C5842-1919-47BF-A742-E36CB15DFCCE}"
EndProject
Global
	GlobalSection(SolutionConfigurationPlatforms) = preSolution
		Debug|Any CPU = Debug|Any CPU
		Release|Any CPU = Release|Any CPU
	EndGlobalSection
	GlobalSection(ProjectConfigurationPlatforms) = postSolution
		{A99C5842-1919-47BF-A742-E36CB15DFCCE}.Debug|Any CPU.ActiveCfg = Debug|Any CPU
		{A99C5842-1919-47BF-A742-E36CB15DFCCE}.Debug|Any CPU.Build.0 = Debug|Any CPU
		{A99C5842-1919-47BF-A742-E36CB15DFCCE}.Release|Any CPU.ActiveCfg = Release|Any CPU
		{A99C5842-1919-47BF-A742-E36CB15DFCCE}.Release|Any CPU.Build.0 = Release|Any CPU
	EndGlobalSection
	GlobalSection(SolutionProperties) = preSolution
		HideSolutionNode = FALSE
	EndGlobalSection
	GlobalSection(ExtensibilityGlobals) = postSolution
		SolutionGuid = {7CC5CBD5-2E41-4F89-84E3-C1539D6BCB61}
	EndGlobalSection
EndGlobal
